
Microsoft Visual Studio Solution File, Format Version 12.00
# Visual Studio Version 17
VisualStudioVersion = 17.10.35027.167
MinimumVisualStudioVersion = 10.0.40219.1
Project("{9A19103F-16F7-4668-BE54-9A1E7A4F7556}") = "AI_Friend", "AI_Friend.csproj", "{5EE0BCD3-922F-4D35-8CDE-AA01ECC4C996}"
EndProject
Project("{9A19103F-16F7-4668-BE54-9A1E7A4F7556}") = "AI_Friend.Support", "..\AI_Friend.Support\AI_Friend.Support.csproj", "{17B629FA-837E-4895-A4EE-E31C2C544676}"
EndProject
Project("{FAE04EC0-301F-11D3-BF4B-00C04F79EFBC}") = "AI_Friend.Forms", "..\AI_Friend.Forms\AI_Friend.Forms.csproj", "{D2A86F93-60A1-4666-B662-E820D5AD1C72}"
EndProject
Global
	GlobalSection(SolutionConfigurationPlatforms) = preSolution
		Debug|Any CPU = Debug|Any CPU
		Release|Any CPU = Release|Any CPU
	EndGlobalSection
	GlobalSection(ProjectConfigurationPlatforms) = postSolution
		{5EE0BCD3-922F-4D35-8CDE-AA01ECC4C996}.Debug|Any CPU.ActiveCfg = Debug|Any CPU
		{5EE0BCD3-922F-4D35-8CDE-AA01ECC4C996}.Debug|Any CPU.Build.0 = Debug|Any CPU
		{5EE0BCD3-922F-4D35-8CDE-AA01ECC4C996}.Release|Any CPU.ActiveCfg = Release|Any CPU
		{5EE0BCD3-922F-4D35-8CDE-AA01ECC4C996}.Release|Any CPU.Build.0 = Release|Any CPU
		{17B629FA-837E-4895-A4EE-E31C2C544676}.Debug|Any CPU.ActiveCfg = Debug|Any CPU
		{17B629FA-837E-4895-A4EE-E31C2C544676}.Debug|Any CPU.Build.0 = Debug|Any CPU
		{17B629FA-837E-4895-A4EE-E31C2C544676}.Release|Any CPU.ActiveCfg = Release|Any CPU
		{17B629FA-837E-4895-A4EE-E31C2C544676}.Release|Any CPU.Build.0 = Release|Any CPU
		{D2A86F93-60A1-4666-B662-E820D5AD1C72}.Debug|Any CPU.ActiveCfg = Debug|Any CPU
		{D2A86F93-60A1-4666-B662-E820D5AD1C72}.Debug|Any CPU.Build.0 = Debug|Any CPU
		{D2A86F93-60A1-4666-B662-E820D5AD1C72}.Release|Any CPU.ActiveCfg = Release|Any CPU
		{D2A86F93-60A1-4666-B662-E820D5AD1C72}.Release|Any CPU.Build.0 = Release|Any CPU
	EndGlobalSection
	GlobalSection(SolutionProperties) = preSolution
		HideSolutionNode = FALSE
	EndGlobalSection
	GlobalSection(ExtensibilityGlobals) = postSolution
		SolutionGuid = {B5CE83AD-8673-46D2-BE6E-22D1E3212EFE}
	EndGlobalSection
EndGlobal
